// !$*UTF8*$!
{
	archiveVersion = 1;
	classes = {
	};
	objectVersion = 56;
	objects = {

/* Begin PBXBuildFile section */
		A60F7BBC2E3EAC0D00649A24 /* SchemaV1+Business.swift in Sources */ = {isa = PBXBuildFile; fileRef = A60F7BBB2E3EAC0D00649A24 /* SchemaV1+Business.swift */; };
		A60F7BBE2E3EB33300649A24 /* CurrentBusiness.swift in Sources */ = {isa = PBXBuildFile; fileRef = A60F7BBD2E3EB33300649A24 /* CurrentBusiness.swift */; };
		A60F7BC32E3EB3C200649A24 /* CurrentCustomer.swift in Sources */ = {isa = PBXBuildFile; fileRef = A60F7BC22E3EB3C200649A24 /* CurrentCustomer.swift */; };
		A60F7BC52E3EB3EB00649A24 /* SchemaV1+Customer.swift in Sources */ = {isa = PBXBuildFile; fileRef = A60F7BC42E3EB3EB00649A24 /* SchemaV1+Customer.swift */; };
		A60F7BD82E492A0800649A24 /* SchemaV1.swift in Sources */ = {isa = PBXBuildFile; fileRef = A60F7BD72E492A0500649A24 /* SchemaV1.swift */; };
		A60F7BDF2E49474800649A24 /* InvoiceOptionSelectionView.swift in Sources */ = {isa = PBXBuildFile; fileRef = A60F7BDE2E49474800649A24 /* InvoiceOptionSelectionView.swift */; };
		A60F7BE42E4FDA8A00649A24 /* Business.swift in Sources */ = {isa = PBXBuildFile; fileRef = A60F7BE32E4FDA8A00649A24 /* Business.swift */; };
		A60F7BE62E4FDAA700649A24 /* Customer.swift in Sources */ = {isa = PBXBuildFile; fileRef = A60F7BE52E4FDAA700649A24 /* Customer.swift */; };
		A60F7BE82E4FDB1700649A24 /* ProductSchemaV1.swift in Sources */ = {isa = PBXBuildFile; fileRef = A60F7BE72E4FDB1700649A24 /* ProductSchemaV1.swift */; };
		A60F7BED2E4FDB4C00649A24 /* InvoiceSchemaV1+Business.swift in Sources */ = {isa = PBXBuildFile; fileRef = A60F7BEA2E4FDB4C00649A24 /* InvoiceSchemaV1+Business.swift */; };
		A60F7BEE2E4FDB4C00649A24 /* InvoiceSchemaV1.swift in Sources */ = {isa = PBXBuildFile; fileRef = A60F7BE92E4FDB4C00649A24 /* InvoiceSchemaV1.swift */; };
		A60F7BEF2E4FDB4C00649A24 /* InvoiceSchemaV1+Customer.swift in Sources */ = {isa = PBXBuildFile; fileRef = A60F7BEB2E4FDB4C00649A24 /* InvoiceSchemaV1+Customer.swift */; };
		A60F7BF02E4FDB4C00649A24 /* InvoiceSchemaV1+Item.swift in Sources */ = {isa = PBXBuildFile; fileRef = A60F7BEC2E4FDB4C00649A24 /* InvoiceSchemaV1+Item.swift */; };
		A60F7BF22E4FEFE200649A24 /* DataMigrationManager.swift in Sources */ = {isa = PBXBuildFile; fileRef = A60F7BF12E4FEFDE00649A24 /* DataMigrationManager.swift */; };
		A60F7BF42E5091A600649A24 /* Invoice.swift in Sources */ = {isa = PBXBuildFile; fileRef = A60F7BF32E5091A600649A24 /* Invoice.swift */; };
		A60F7BF62E50B33C00649A24 /* SchemaV1+Invoice+Option.swift in Sources */ = {isa = PBXBuildFile; fileRef = A60F7BF52E50B33A00649A24 /* SchemaV1+Invoice+Option.swift */; };
		A60F7BF82E50B3BB00649A24 /* SchemaV1+Invoice+Status.swift in Sources */ = {isa = PBXBuildFile; fileRef = A60F7BF72E50B3B400649A24 /* SchemaV1+Invoice+Status.swift */; };
		A60F7BFA2E50B3D700649A24 /* SchemaV1+Invoice+Type.swift in Sources */ = {isa = PBXBuildFile; fileRef = A60F7BF92E50B3D200649A24 /* SchemaV1+Invoice+Type.swift */; };
		A60F7C112E5E51A000649A24 /* VATDiscountConverter.swift in Sources */ = {isa = PBXBuildFile; fileRef = A60F7C102E5E51A000649A24 /* VATDiscountConverter.swift */; };
		A60F7C142E5E5DFB00649A24 /* PreviewContainer.swift in Sources */ = {isa = PBXBuildFile; fileRef = A60F7C132E5E5DFB00649A24 /* PreviewContainer.swift */; };
		A60F7C152E5E5DFB00649A24 /* Invoice+SampleData.swift in Sources */ = {isa = PBXBuildFile; fileRef = A60F7C122E5E5DFB00649A24 /* Invoice+SampleData.swift */; };
		A60F7C1A2E5E5E3800649A24 /* StepperButtonStyle.swift in Sources */ = {isa = PBXBuildFile; fileRef = A60F7C172E5E5E3800649A24 /* StepperButtonStyle.swift */; };
		A60F7C1B2E5E5E3800649A24 /* StepperButtonView.swift in Sources */ = {isa = PBXBuildFile; fileRef = A60F7C182E5E5E3800649A24 /* StepperButtonView.swift */; };
		A60F7C1C2E5E5E3800649A24 /* InputStepper.swift in Sources */ = {isa = PBXBuildFile; fileRef = A60F7C162E5E5E3800649A24 /* InputStepper.swift */; };
		A61469D22E08B33300713056 /* Currency.swift in Sources */ = {isa = PBXBuildFile; fileRef = A61469D12E08B32900713056 /* Currency.swift */; };
		A6208EC22E0B4299001B4325 /* CurrencyFormatter.swift in Sources */ = {isa = PBXBuildFile; fileRef = A6208EC12E0B4290001B4325 /* CurrencyFormatter.swift */; };
		A6208EC42E0B4ED6001B4325 /* Decimal+Rounded.swift in Sources */ = {isa = PBXBuildFile; fileRef = A6208EC32E0B4ECE001B4325 /* Decimal+Rounded.swift */; };
		A6208EC82E11F1D0001B4325 /* InvoiceSummaryView.swift in Sources */ = {isa = PBXBuildFile; fileRef = A6208EC72E11F1D0001B4325 /* InvoiceSummaryView.swift */; };
		A6208ECB2E11F4E1001B4325 /* InvoiceMainDetailsView.swift in Sources */ = {isa = PBXBuildFile; fileRef = A6208ECA2E11F4E1001B4325 /* InvoiceMainDetailsView.swift */; };
		A6208ECE2E11F725001B4325 /* InvoiceCustomerDetailsView.swift in Sources */ = {isa = PBXBuildFile; fileRef = A6208ECD2E11F725001B4325 /* InvoiceCustomerDetailsView.swift */; };
		A6208ED02E11F739001B4325 /* InvoiceProductDetailsView.swift in Sources */ = {isa = PBXBuildFile; fileRef = A6208ECF2E11F739001B4325 /* InvoiceProductDetailsView.swift */; };
		A6555A8F2D4667F7002F6537 /* CustomersListItemView.swift in Sources */ = {isa = PBXBuildFile; fileRef = A6555A8E2D4667F7002F6537 /* CustomersListItemView.swift */; };
		A6555A912D466936002F6537 /* CustomersContactView.swift in Sources */ = {isa = PBXBuildFile; fileRef = A6555A902D466936002F6537 /* CustomersContactView.swift */; };
		A675DCEE2E1206C00040D855 /* TabViewModel.swift in Sources */ = {isa = PBXBuildFile; fileRef = A675DCED2E1206B70040D855 /* TabViewModel.swift */; };
		A675DCF02E1208D00040D855 /* InvoiceViewModel.swift in Sources */ = {isa = PBXBuildFile; fileRef = A675DCEF2E1208CA0040D855 /* InvoiceViewModel.swift */; };
		A675DCF32E1209220040D855 /* TabViewModel+Tabs.swift in Sources */ = {isa = PBXBuildFile; fileRef = A675DCF22E1209100040D855 /* TabViewModel+Tabs.swift */; };
		A675DCFB2E15D28D0040D855 /* InvoiceRowView.swift in Sources */ = {isa = PBXBuildFile; fileRef = A675DCFA2E15D28D0040D855 /* InvoiceRowView.swift */; };
		A675DCFD2E15D50F0040D855 /* ExpandableSectionView.swift in Sources */ = {isa = PBXBuildFile; fileRef = A675DCFC2E15D50F0040D855 /* ExpandableSectionView.swift */; };
		A675DD032E19C56A0040D855 /* SchemaV1+InvoiceBusiness.swift in Sources */ = {isa = PBXBuildFile; fileRef = A675DCFF2E19C56A0040D855 /* SchemaV1+InvoiceBusiness.swift */; };
		A675DD042E19C56A0040D855 /* SchemaV1+InvoiceItem.swift in Sources */ = {isa = PBXBuildFile; fileRef = A675DD012E19C56A0040D855 /* SchemaV1+InvoiceItem.swift */; };
		A675DD052E19C56A0040D855 /* SchemaV1+InvoiceCustomer.swift in Sources */ = {isa = PBXBuildFile; fileRef = A675DD002E19C56A0040D855 /* SchemaV1+InvoiceCustomer.swift */; };
		A675DD062E19C56A0040D855 /* SchemaV1+Invoice.swift in Sources */ = {isa = PBXBuildFile; fileRef = A675DCFE2E19C56A0040D855 /* SchemaV1+Invoice.swift */; };
		A675DD0A2E19C5D00040D855 /* InvoiceDetailsV1.swift in Sources */ = {isa = PBXBuildFile; fileRef = A675DD072E19C5D00040D855 /* InvoiceDetailsV1.swift */; };
		A675DD0B2E19C5D00040D855 /* ItemDetailsV1.swift in Sources */ = {isa = PBXBuildFile; fileRef = A675DD082E19C5D00040D855 /* ItemDetailsV1.swift */; };
		A68456062D30577400FBD1E1 /* NullishCoalescingBinding.swift in Sources */ = {isa = PBXBuildFile; fileRef = A68456052D30577400FBD1E1 /* NullishCoalescingBinding.swift */; };
		A68456082D31F23900FBD1E1 /* OnboardingSheetView.swift in Sources */ = {isa = PBXBuildFile; fileRef = A68456072D31F23900FBD1E1 /* OnboardingSheetView.swift */; };
		A684560B2D444F7800FBD1E1 /* ContactStoreManager.swift in Sources */ = {isa = PBXBuildFile; fileRef = A684560A2D444F7800FBD1E1 /* ContactStoreManager.swift */; };
		A684560F2D44501900FBD1E1 /* CNContact+Extension.swift in Sources */ = {isa = PBXBuildFile; fileRef = A684560E2D44501900FBD1E1 /* CNContact+Extension.swift */; };
		A69AC0912DDFB1C1001FAFD6 /* ButtonWithPopover.swift in Sources */ = {isa = PBXBuildFile; fileRef = A69AC0902DDFB1C1001FAFD6 /* ButtonWithPopover.swift */; };
		A69BC4252DA3306200172FE0 /* InvoiceFormView.swift in Sources */ = {isa = PBXBuildFile; fileRef = A69BC4242DA3306200172FE0 /* InvoiceFormView.swift */; };
		A69BC4272DA33B2600172FE0 /* InvoiceProductSelection.swift in Sources */ = {isa = PBXBuildFile; fileRef = A69BC4262DA33B2600172FE0 /* InvoiceProductSelection.swift */; };
		A6ACF5742B7945B100D4727B /* Invoice_MakerApp.swift in Sources */ = {isa = PBXBuildFile; fileRef = A6ACF5732B7945B100D4727B /* Invoice_MakerApp.swift */; };
		A6ACF5762B7945B100D4727B /* ContentView.swift in Sources */ = {isa = PBXBuildFile; fileRef = A6ACF5752B7945B100D4727B /* ContentView.swift */; };
		A6ACF57A2B7945B200D4727B /* Assets.xcassets in Resources */ = {isa = PBXBuildFile; fileRef = A6ACF5792B7945B200D4727B /* Assets.xcassets */; };
		A6ACF57D2B7945B200D4727B /* Preview Assets.xcassets in Resources */ = {isa = PBXBuildFile; fileRef = A6ACF57C2B7945B200D4727B /* Preview Assets.xcassets */; };
		A6ACF5852B79486800D4727B /* TPPDF in Frameworks */ = {isa = PBXBuildFile; productRef = A6ACF5842B79486800D4727B /* TPPDF */; };
		A6ACF5872B794F4400D4727B /* SettingsView.swift in Sources */ = {isa = PBXBuildFile; fileRef = A6ACF5862B794F4400D4727B /* SettingsView.swift */; };
		A6ACF58A2B7975AD00D4727B /* SettingsBusinessDetailsView.swift in Sources */ = {isa = PBXBuildFile; fileRef = A6ACF5892B7975AD00D4727B /* SettingsBusinessDetailsView.swift */; };
		A6ACF58C2B79841C00D4727B /* ProductsView.swift in Sources */ = {isa = PBXBuildFile; fileRef = A6ACF58B2B79841C00D4727B /* ProductsView.swift */; };
		A6ACF5952B798E1900D4727B /* Product+SampleData.swift in Sources */ = {isa = PBXBuildFile; fileRef = A6ACF5942B798E1900D4727B /* Product+SampleData.swift */; };
		A6ACF5992B799E2500D4727B /* ProductFormView.swift in Sources */ = {isa = PBXBuildFile; fileRef = A6ACF5982B799E2500D4727B /* ProductFormView.swift */; };
		A6ACF59B2B7AB4DB00D4727B /* ProductDetailsV1.swift in Sources */ = {isa = PBXBuildFile; fileRef = A6ACF59A2B7AB4DB00D4727B /* ProductDetailsV1.swift */; };
		A6ACF5A12B7ACB9000D4727B /* Business+SampleData.swift in Sources */ = {isa = PBXBuildFile; fileRef = A6ACF5A02B7ACB9000D4727B /* Business+SampleData.swift */; };
		A6ACF5BF2B7ADA9600D4727B /* BusinessDetailsV1.swift in Sources */ = {isa = PBXBuildFile; fileRef = A6ACF5BE2B7ADA9600D4727B /* BusinessDetailsV1.swift */; };
		A6ACF5C42B7C141C00D4727B /* CustomersView.swift in Sources */ = {isa = PBXBuildFile; fileRef = A6ACF5C32B7C141C00D4727B /* CustomersView.swift */; };
		A6ACF5C62B7C151800D4727B /* CustomerFormView.swift in Sources */ = {isa = PBXBuildFile; fileRef = A6ACF5C52B7C151800D4727B /* CustomerFormView.swift */; };
		A6ACF5CB2B7C15DD00D4727B /* CustomerDetailsV1.swift in Sources */ = {isa = PBXBuildFile; fileRef = A6ACF5CA2B7C15DD00D4727B /* CustomerDetailsV1.swift */; };
		A6ACF5CD2B7C1C1700D4727B /* Customer+SampleData.swift in Sources */ = {isa = PBXBuildFile; fileRef = A6ACF5CC2B7C1C1700D4727B /* Customer+SampleData.swift */; };
		A6ACF5CF2B7D6BF800D4727B /* InvoicesView.swift in Sources */ = {isa = PBXBuildFile; fileRef = A6ACF5CE2B7D6BF800D4727B /* InvoicesView.swift */; };
		A6C7721D2DAC394000315110 /* ProductView.swift in Sources */ = {isa = PBXBuildFile; fileRef = A6C7721C2DAC394000315110 /* ProductView.swift */; };
		A6C772212DAF16C000315110 /* CustomerView.swift in Sources */ = {isa = PBXBuildFile; fileRef = A6C772202DAF16C000315110 /* CustomerView.swift */; };
		A6C772232DB07DFC00315110 /* InvoiceView.swift in Sources */ = {isa = PBXBuildFile; fileRef = A6C772222DB07DFC00315110 /* InvoiceView.swift */; };
		A6DAE5002D240BBD00205A54 /* String+ToPersian.swift in Sources */ = {isa = PBXBuildFile; fileRef = A6DAE4FF2D240BBD00205A54 /* String+ToPersian.swift */; };
		A6E205022DEA5803009BEF4A /* ProductDetailView.swift in Sources */ = {isa = PBXBuildFile; fileRef = A6E205012DEA5803009BEF4A /* ProductDetailView.swift */; };
		A6E205042DEB8C84009BEF4A /* SchemaV1+Product.swift in Sources */ = {isa = PBXBuildFile; fileRef = A6E205032DEB8C84009BEF4A /* SchemaV1+Product.swift */; };
		A6E205062DEB9561009BEF4A /* MigrationPlan.swift in Sources */ = {isa = PBXBuildFile; fileRef = A6E205052DEB9554009BEF4A /* MigrationPlan.swift */; };
		A6E2050C2DF0F064009BEF4A /* CurrentProduct.swift in Sources */ = {isa = PBXBuildFile; fileRef = A6E2050B2DF0F05A009BEF4A /* CurrentProduct.swift */; };
		A6E205102DFA1D55009BEF4A /* CurrentInvoice.swift in Sources */ = {isa = PBXBuildFile; fileRef = A6E2050F2DFA1D55009BEF4A /* CurrentInvoice.swift */; };
		A6E4DFE52B8BBCEF0088BCFC /* PDF.swift in Sources */ = {isa = PBXBuildFile; fileRef = A6E4DFE42B8BBCEF0088BCFC /* PDF.swift */; };
		A6F92F922DD12E560029F04D /* CustomerDetailView.swift in Sources */ = {isa = PBXBuildFile; fileRef = A6F92F912DD12E560029F04D /* CustomerDetailView.swift */; };
		A6F92F962DD6A0DA0029F04D /* InvoiceDetailView.swift in Sources */ = {isa = PBXBuildFile; fileRef = A6F92F952DD6A0DA0029F04D /* InvoiceDetailView.swift */; };
/* End PBXBuildFile section */

/* Begin PBXFileReference section */
		A60F7BBB2E3EAC0D00649A24 /* SchemaV1+Business.swift */ = {isa = PBXFileReference; lastKnownFileType = sourcecode.swift; path = "SchemaV1+Business.swift"; sourceTree = "<group>"; };
		A60F7BBD2E3EB33300649A24 /* CurrentBusiness.swift */ = {isa = PBXFileReference; lastKnownFileType = sourcecode.swift; path = CurrentBusiness.swift; sourceTree = "<group>"; };
		A60F7BC22E3EB3C200649A24 /* CurrentCustomer.swift */ = {isa = PBXFileReference; lastKnownFileType = sourcecode.swift; path = CurrentCustomer.swift; sourceTree = "<group>"; };
		A60F7BC42E3EB3EB00649A24 /* SchemaV1+Customer.swift */ = {isa = PBXFileReference; lastKnownFileType = sourcecode.swift; path = "SchemaV1+Customer.swift"; sourceTree = "<group>"; };
		A60F7BD72E492A0500649A24 /* SchemaV1.swift */ = {isa = PBXFileReference; lastKnownFileType = sourcecode.swift; path = SchemaV1.swift; sourceTree = "<group>"; };
		A60F7BDE2E49474800649A24 /* InvoiceOptionSelectionView.swift */ = {isa = PBXFileReference; lastKnownFileType = sourcecode.swift; path = InvoiceOptionSelectionView.swift; sourceTree = "<group>"; };
		A60F7BE32E4FDA8A00649A24 /* Business.swift */ = {isa = PBXFileReference; lastKnownFileType = sourcecode.swift; path = Business.swift; sourceTree = "<group>"; };
		A60F7BE52E4FDAA700649A24 /* Customer.swift */ = {isa = PBXFileReference; lastKnownFileType = sourcecode.swift; path = Customer.swift; sourceTree = "<group>"; };
		A60F7BE72E4FDB1700649A24 /* ProductSchemaV1.swift */ = {isa = PBXFileReference; lastKnownFileType = sourcecode.swift; path = ProductSchemaV1.swift; sourceTree = "<group>"; };
		A60F7BE92E4FDB4C00649A24 /* InvoiceSchemaV1.swift */ = {isa = PBXFileReference; lastKnownFileType = sourcecode.swift; path = InvoiceSchemaV1.swift; sourceTree = "<group>"; };
		A60F7BEA2E4FDB4C00649A24 /* InvoiceSchemaV1+Business.swift */ = {isa = PBXFileReference; lastKnownFileType = sourcecode.swift; path = "InvoiceSchemaV1+Business.swift"; sourceTree = "<group>"; };
		A60F7BEB2E4FDB4C00649A24 /* InvoiceSchemaV1+Customer.swift */ = {isa = PBXFileReference; lastKnownFileType = sourcecode.swift; path = "InvoiceSchemaV1+Customer.swift"; sourceTree = "<group>"; };
		A60F7BEC2E4FDB4C00649A24 /* InvoiceSchemaV1+Item.swift */ = {isa = PBXFileReference; lastKnownFileType = sourcecode.swift; path = "InvoiceSchemaV1+Item.swift"; sourceTree = "<group>"; };
		A60F7BF12E4FEFDE00649A24 /* DataMigrationManager.swift */ = {isa = PBXFileReference; lastKnownFileType = sourcecode.swift; path = DataMigrationManager.swift; sourceTree = "<group>"; };
		A60F7BF32E5091A600649A24 /* Invoice.swift */ = {isa = PBXFileReference; lastKnownFileType = sourcecode.swift; path = Invoice.swift; sourceTree = "<group>"; };
		A60F7BF52E50B33A00649A24 /* SchemaV1+Invoice+Option.swift */ = {isa = PBXFileReference; lastKnownFileType = sourcecode.swift; path = "SchemaV1+Invoice+Option.swift"; sourceTree = "<group>"; };
		A60F7BF72E50B3B400649A24 /* SchemaV1+Invoice+Status.swift */ = {isa = PBXFileReference; lastKnownFileType = sourcecode.swift; path = "SchemaV1+Invoice+Status.swift"; sourceTree = "<group>"; };
		A60F7BF92E50B3D200649A24 /* SchemaV1+Invoice+Type.swift */ = {isa = PBXFileReference; lastKnownFileType = sourcecode.swift; path = "SchemaV1+Invoice+Type.swift"; sourceTree = "<group>"; };
		A60F7C102E5E51A000649A24 /* VATDiscountConverter.swift */ = {isa = PBXFileReference; lastKnownFileType = sourcecode.swift; path = VATDiscountConverter.swift; sourceTree = "<group>"; };
		A60F7C122E5E5DFB00649A24 /* Invoice+SampleData.swift */ = {isa = PBXFileReference; lastKnownFileType = sourcecode.swift; path = "Invoice+SampleData.swift"; sourceTree = "<group>"; };
		A60F7C132E5E5DFB00649A24 /* PreviewContainer.swift */ = {isa = PBXFileReference; lastKnownFileType = sourcecode.swift; path = PreviewContainer.swift; sourceTree = "<group>"; };
		A60F7C162E5E5E3800649A24 /* InputStepper.swift */ = {isa = PBXFileReference; lastKnownFileType = sourcecode.swift; path = InputStepper.swift; sourceTree = "<group>"; };
		A60F7C172E5E5E3800649A24 /* StepperButtonStyle.swift */ = {isa = PBXFileReference; lastKnownFileType = sourcecode.swift; path = StepperButtonStyle.swift; sourceTree = "<group>"; };
		A60F7C182E5E5E3800649A24 /* StepperButtonView.swift */ = {isa = PBXFileReference; lastKnownFileType = sourcecode.swift; path = StepperButtonView.swift; sourceTree = "<group>"; };
		A60F7C1E2E63C24000649A24 /* Invoice Maker.entitlements */ = {isa = PBXFileReference; lastKnownFileType = text.plist.entitlements; path = "Invoice Maker.entitlements"; sourceTree = "<group>"; };
		A61469D12E08B32900713056 /* Currency.swift */ = {isa = PBXFileReference; lastKnownFileType = sourcecode.swift; path = Currency.swift; sourceTree = "<group>"; };
		A6208EC12E0B4290001B4325 /* CurrencyFormatter.swift */ = {isa = PBXFileReference; lastKnownFileType = sourcecode.swift; path = CurrencyFormatter.swift; sourceTree = "<group>"; };
		A6208EC32E0B4ECE001B4325 /* Decimal+Rounded.swift */ = {isa = PBXFileReference; lastKnownFileType = sourcecode.swift; path = "Decimal+Rounded.swift"; sourceTree = "<group>"; };
		A6208EC72E11F1D0001B4325 /* InvoiceSummaryView.swift */ = {isa = PBXFileReference; lastKnownFileType = sourcecode.swift; path = InvoiceSummaryView.swift; sourceTree = "<group>"; };
		A6208ECA2E11F4E1001B4325 /* InvoiceMainDetailsView.swift */ = {isa = PBXFileReference; lastKnownFileType = sourcecode.swift; path = InvoiceMainDetailsView.swift; sourceTree = "<group>"; };
		A6208ECD2E11F725001B4325 /* InvoiceCustomerDetailsView.swift */ = {isa = PBXFileReference; lastKnownFileType = sourcecode.swift; path = InvoiceCustomerDetailsView.swift; sourceTree = "<group>"; };
		A6208ECF2E11F739001B4325 /* InvoiceProductDetailsView.swift */ = {isa = PBXFileReference; lastKnownFileType = sourcecode.swift; path = InvoiceProductDetailsView.swift; sourceTree = "<group>"; };
		A6555A8E2D4667F7002F6537 /* CustomersListItemView.swift */ = {isa = PBXFileReference; lastKnownFileType = sourcecode.swift; path = CustomersListItemView.swift; sourceTree = "<group>"; };
		A6555A902D466936002F6537 /* CustomersContactView.swift */ = {isa = PBXFileReference; lastKnownFileType = sourcecode.swift; path = CustomersContactView.swift; sourceTree = "<group>"; };
		A675DCED2E1206B70040D855 /* TabViewModel.swift */ = {isa = PBXFileReference; lastKnownFileType = sourcecode.swift; path = TabViewModel.swift; sourceTree = "<group>"; };
		A675DCEF2E1208CA0040D855 /* InvoiceViewModel.swift */ = {isa = PBXFileReference; lastKnownFileType = sourcecode.swift; path = InvoiceViewModel.swift; sourceTree = "<group>"; };
		A675DCF22E1209100040D855 /* TabViewModel+Tabs.swift */ = {isa = PBXFileReference; lastKnownFileType = sourcecode.swift; path = "TabViewModel+Tabs.swift"; sourceTree = "<group>"; };
		A675DCFA2E15D28D0040D855 /* InvoiceRowView.swift */ = {isa = PBXFileReference; lastKnownFileType = sourcecode.swift; path = InvoiceRowView.swift; sourceTree = "<group>"; };
		A675DCFC2E15D50F0040D855 /* ExpandableSectionView.swift */ = {isa = PBXFileReference; lastKnownFileType = sourcecode.swift; path = ExpandableSectionView.swift; sourceTree = "<group>"; };
		A675DCFE2E19C56A0040D855 /* SchemaV1+Invoice.swift */ = {isa = PBXFileReference; lastKnownFileType = sourcecode.swift; path = "SchemaV1+Invoice.swift"; sourceTree = "<group>"; };
		A675DCFF2E19C56A0040D855 /* SchemaV1+InvoiceBusiness.swift */ = {isa = PBXFileReference; lastKnownFileType = sourcecode.swift; path = "SchemaV1+InvoiceBusiness.swift"; sourceTree = "<group>"; };
		A675DD002E19C56A0040D855 /* SchemaV1+InvoiceCustomer.swift */ = {isa = PBXFileReference; lastKnownFileType = sourcecode.swift; path = "SchemaV1+InvoiceCustomer.swift"; sourceTree = "<group>"; };
		A675DD012E19C56A0040D855 /* SchemaV1+InvoiceItem.swift */ = {isa = PBXFileReference; lastKnownFileType = sourcecode.swift; path = "SchemaV1+InvoiceItem.swift"; sourceTree = "<group>"; };
		A675DD072E19C5D00040D855 /* InvoiceDetailsV1.swift */ = {isa = PBXFileReference; lastKnownFileType = sourcecode.swift; path = InvoiceDetailsV1.swift; sourceTree = "<group>"; };
		A675DD082E19C5D00040D855 /* ItemDetailsV1.swift */ = {isa = PBXFileReference; lastKnownFileType = sourcecode.swift; path = ItemDetailsV1.swift; sourceTree = "<group>"; };
		A68456052D30577400FBD1E1 /* NullishCoalescingBinding.swift */ = {isa = PBXFileReference; lastKnownFileType = sourcecode.swift; path = NullishCoalescingBinding.swift; sourceTree = "<group>"; };
		A68456072D31F23900FBD1E1 /* OnboardingSheetView.swift */ = {isa = PBXFileReference; lastKnownFileType = sourcecode.swift; path = OnboardingSheetView.swift; sourceTree = "<group>"; };
		A68456092D38622600FBD1E1 /* Invoice-Maker-Info.plist */ = {isa = PBXFileReference; lastKnownFileType = text.plist; path = "Invoice-Maker-Info.plist"; sourceTree = SOURCE_ROOT; };
		A684560A2D444F7800FBD1E1 /* ContactStoreManager.swift */ = {isa = PBXFileReference; lastKnownFileType = sourcecode.swift; path = ContactStoreManager.swift; sourceTree = "<group>"; };
		A684560E2D44501900FBD1E1 /* CNContact+Extension.swift */ = {isa = PBXFileReference; lastKnownFileType = sourcecode.swift; path = "CNContact+Extension.swift"; sourceTree = "<group>"; };
		A69AC0902DDFB1C1001FAFD6 /* ButtonWithPopover.swift */ = {isa = PBXFileReference; lastKnownFileType = sourcecode.swift; path = ButtonWithPopover.swift; sourceTree = "<group>"; };
		A69BC4242DA3306200172FE0 /* InvoiceFormView.swift */ = {isa = PBXFileReference; lastKnownFileType = sourcecode.swift; path = InvoiceFormView.swift; sourceTree = "<group>"; };
		A69BC4262DA33B2600172FE0 /* InvoiceProductSelection.swift */ = {isa = PBXFileReference; lastKnownFileType = sourcecode.swift; path = InvoiceProductSelection.swift; sourceTree = "<group>"; };
		A6ACF5702B7945B100D4727B /* Invoice Maker.app */ = {isa = PBXFileReference; explicitFileType = wrapper.application; includeInIndex = 0; path = "Invoice Maker.app"; sourceTree = BUILT_PRODUCTS_DIR; };
		A6ACF5732B7945B100D4727B /* Invoice_MakerApp.swift */ = {isa = PBXFileReference; lastKnownFileType = sourcecode.swift; path = Invoice_MakerApp.swift; sourceTree = "<group>"; };
		A6ACF5752B7945B100D4727B /* ContentView.swift */ = {isa = PBXFileReference; lastKnownFileType = sourcecode.swift; path = ContentView.swift; sourceTree = "<group>"; };
		A6ACF5792B7945B200D4727B /* Assets.xcassets */ = {isa = PBXFileReference; lastKnownFileType = folder.assetcatalog; path = Assets.xcassets; sourceTree = "<group>"; };
		A6ACF57C2B7945B200D4727B /* Preview Assets.xcassets */ = {isa = PBXFileReference; lastKnownFileType = folder.assetcatalog; path = "Preview Assets.xcassets"; sourceTree = "<group>"; };
		A6ACF5862B794F4400D4727B /* SettingsView.swift */ = {isa = PBXFileReference; lastKnownFileType = sourcecode.swift; path = SettingsView.swift; sourceTree = "<group>"; };
		A6ACF5892B7975AD00D4727B /* SettingsBusinessDetailsView.swift */ = {isa = PBXFileReference; lastKnownFileType = sourcecode.swift; path = SettingsBusinessDetailsView.swift; sourceTree = "<group>"; };
		A6ACF58B2B79841C00D4727B /* ProductsView.swift */ = {isa = PBXFileReference; lastKnownFileType = sourcecode.swift; path = ProductsView.swift; sourceTree = "<group>"; };
		A6ACF5942B798E1900D4727B /* Product+SampleData.swift */ = {isa = PBXFileReference; lastKnownFileType = sourcecode.swift; path = "Product+SampleData.swift"; sourceTree = "<group>"; };
		A6ACF5982B799E2500D4727B /* ProductFormView.swift */ = {isa = PBXFileReference; lastKnownFileType = sourcecode.swift; path = ProductFormView.swift; sourceTree = "<group>"; };
		A6ACF59A2B7AB4DB00D4727B /* ProductDetailsV1.swift */ = {isa = PBXFileReference; lastKnownFileType = sourcecode.swift; path = ProductDetailsV1.swift; sourceTree = "<group>"; };
		A6ACF5A02B7ACB9000D4727B /* Business+SampleData.swift */ = {isa = PBXFileReference; lastKnownFileType = sourcecode.swift; path = "Business+SampleData.swift"; sourceTree = "<group>"; };
		A6ACF5BE2B7ADA9600D4727B /* BusinessDetailsV1.swift */ = {isa = PBXFileReference; lastKnownFileType = sourcecode.swift; path = BusinessDetailsV1.swift; sourceTree = "<group>"; };
		A6ACF5C32B7C141C00D4727B /* CustomersView.swift */ = {isa = PBXFileReference; lastKnownFileType = sourcecode.swift; path = CustomersView.swift; sourceTree = "<group>"; };
		A6ACF5C52B7C151800D4727B /* CustomerFormView.swift */ = {isa = PBXFileReference; lastKnownFileType = sourcecode.swift; path = CustomerFormView.swift; sourceTree = "<group>"; };
		A6ACF5CA2B7C15DD00D4727B /* CustomerDetailsV1.swift */ = {isa = PBXFileReference; lastKnownFileType = sourcecode.swift; path = CustomerDetailsV1.swift; sourceTree = "<group>"; };
		A6ACF5CC2B7C1C1700D4727B /* Customer+SampleData.swift */ = {isa = PBXFileReference; lastKnownFileType = sourcecode.swift; path = "Customer+SampleData.swift"; sourceTree = "<group>"; };
		A6ACF5CE2B7D6BF800D4727B /* InvoicesView.swift */ = {isa = PBXFileReference; lastKnownFileType = sourcecode.swift; path = InvoicesView.swift; sourceTree = "<group>"; };
		A6C7721C2DAC394000315110 /* ProductView.swift */ = {isa = PBXFileReference; lastKnownFileType = sourcecode.swift; path = ProductView.swift; sourceTree = "<group>"; };
		A6C772202DAF16C000315110 /* CustomerView.swift */ = {isa = PBXFileReference; lastKnownFileType = sourcecode.swift; path = CustomerView.swift; sourceTree = "<group>"; };
		A6C772222DB07DFC00315110 /* InvoiceView.swift */ = {isa = PBXFileReference; lastKnownFileType = sourcecode.swift; path = InvoiceView.swift; sourceTree = "<group>"; };
		A6DAE4FF2D240BBD00205A54 /* String+ToPersian.swift */ = {isa = PBXFileReference; lastKnownFileType = sourcecode.swift; path = "String+ToPersian.swift"; sourceTree = "<group>"; };
		A6E205012DEA5803009BEF4A /* ProductDetailView.swift */ = {isa = PBXFileReference; lastKnownFileType = sourcecode.swift; path = ProductDetailView.swift; sourceTree = "<group>"; };
		A6E205032DEB8C84009BEF4A /* SchemaV1+Product.swift */ = {isa = PBXFileReference; lastKnownFileType = sourcecode.swift; path = "SchemaV1+Product.swift"; sourceTree = "<group>"; };
		A6E205052DEB9554009BEF4A /* MigrationPlan.swift */ = {isa = PBXFileReference; lastKnownFileType = sourcecode.swift; path = MigrationPlan.swift; sourceTree = "<group>"; };
		A6E2050B2DF0F05A009BEF4A /* CurrentProduct.swift */ = {isa = PBXFileReference; lastKnownFileType = sourcecode.swift; path = CurrentProduct.swift; sourceTree = "<group>"; };
		A6E2050F2DFA1D55009BEF4A /* CurrentInvoice.swift */ = {isa = PBXFileReference; lastKnownFileType = sourcecode.swift; path = CurrentInvoice.swift; sourceTree = "<group>"; };
		A6E4DFE42B8BBCEF0088BCFC /* PDF.swift */ = {isa = PBXFileReference; lastKnownFileType = sourcecode.swift; path = PDF.swift; sourceTree = "<group>"; };
		A6F92F912DD12E560029F04D /* CustomerDetailView.swift */ = {isa = PBXFileReference; lastKnownFileType = sourcecode.swift; path = CustomerDetailView.swift; sourceTree = "<group>"; };
		A6F92F952DD6A0DA0029F04D /* InvoiceDetailView.swift */ = {isa = PBXFileReference; lastKnownFileType = sourcecode.swift; path = InvoiceDetailView.swift; sourceTree = "<group>"; };
/* End PBXFileReference section */

/* Begin PBXFrameworksBuildPhase section */
		A6ACF56D2B7945B100D4727B /* Frameworks */ = {
			isa = PBXFrameworksBuildPhase;
			buildActionMask = 2147483647;
			files = (
				A6ACF5852B79486800D4727B /* TPPDF in Frameworks */,
			);
			runOnlyForDeploymentPostprocessing = 0;
		};
/* End PBXFrameworksBuildPhase section */

/* Begin PBXGroup section */
		A60F7BD62E4929F600649A24 /* SchemaV1 */ = {
			isa = PBXGroup;
			children = (
				A60F7BD72E492A0500649A24 /* SchemaV1.swift */,
				A6ACF59F2B7AC79900D4727B /* Business */,
				A6ACF5C72B7C156C00D4727B /* Customer */,
				A6ACF5D32B7D6C5700D4727B /* Invoice */,
				A6ACF59C2B7AC77800D4727B /* Product */,
			);
			path = SchemaV1;
			sourceTree = "<group>";
		};
		A60F7BD92E492B4900649A24 /* Customer */ = {
			isa = PBXGroup;
			children = (
				A60F7BC22E3EB3C200649A24 /* CurrentCustomer.swift */,
				A6555A922D467033002F6537 /* CNContact */,
			);
			path = Customer;
			sourceTree = "<group>";
		};
		A60F7BDA2E492C0400649A24 /* Product */ = {
			isa = PBXGroup;
			children = (
				A6E2050B2DF0F05A009BEF4A /* CurrentProduct.swift */,
			);
			path = Product;
			sourceTree = "<group>";
		};
		A60F7BDC2E492C2100649A24 /* Business */ = {
			isa = PBXGroup;
			children = (
				A60F7BBD2E3EB33300649A24 /* CurrentBusiness.swift */,
			);
			path = Business;
			sourceTree = "<group>";
		};
		A60F7BDD2E492CE200649A24 /* Invoice */ = {
			isa = PBXGroup;
			children = (
				A6E2050F2DFA1D55009BEF4A /* CurrentInvoice.swift */,
				A675DCEF2E1208CA0040D855 /* InvoiceViewModel.swift */,
			);
			path = Invoice;
			sourceTree = "<group>";
		};
		A60F7BE22E4FDA8300649A24 /* OldSchema */ = {
			isa = PBXGroup;
			children = (
				A60F7BE32E4FDA8A00649A24 /* Business.swift */,
				A60F7BE52E4FDAA700649A24 /* Customer.swift */,
				A60F7BF12E4FEFDE00649A24 /* DataMigrationManager.swift */,
				A60F7BF32E5091A600649A24 /* Invoice.swift */,
				A60F7BE92E4FDB4C00649A24 /* InvoiceSchemaV1.swift */,
				A60F7BEA2E4FDB4C00649A24 /* InvoiceSchemaV1+Business.swift */,
				A60F7BEB2E4FDB4C00649A24 /* InvoiceSchemaV1+Customer.swift */,
				A60F7BEC2E4FDB4C00649A24 /* InvoiceSchemaV1+Item.swift */,
				A60F7BE72E4FDB1700649A24 /* ProductSchemaV1.swift */,
			);
			path = OldSchema;
			sourceTree = "<group>";
		};
		A60F7C192E5E5E3800649A24 /* Stepper */ = {
			isa = PBXGroup;
			children = (
				A60F7C162E5E5E3800649A24 /* InputStepper.swift */,
				A60F7C172E5E5E3800649A24 /* StepperButtonStyle.swift */,
				A60F7C182E5E5E3800649A24 /* StepperButtonView.swift */,
			);
			path = Stepper;
			sourceTree = "<group>";
		};
		A6208EC02E0B4284001B4325 /* Currency */ = {
			isa = PBXGroup;
			children = (
				A61469D12E08B32900713056 /* Currency.swift */,
				A6208EC12E0B4290001B4325 /* CurrencyFormatter.swift */,
			);
			path = Currency;
			sourceTree = "<group>";
		};
		A6208EC92E11F4C3001B4325 /* InvoiceForm */ = {
			isa = PBXGroup;
			children = (
				A69BC4242DA3306200172FE0 /* InvoiceFormView.swift */,
				A60F7BDE2E49474800649A24 /* InvoiceOptionSelectionView.swift */,
				A69BC4262DA33B2600172FE0 /* InvoiceProductSelection.swift */,
			);
			path = InvoiceForm;
			sourceTree = "<group>";
		};
		A6208ECC2E11F4EE001B4325 /* InvoiceDetails */ = {
			isa = PBXGroup;
			children = (
				A6208ECD2E11F725001B4325 /* InvoiceCustomerDetailsView.swift */,
				A6F92F952DD6A0DA0029F04D /* InvoiceDetailView.swift */,
				A6208ECA2E11F4E1001B4325 /* InvoiceMainDetailsView.swift */,
				A6208ECF2E11F739001B4325 /* InvoiceProductDetailsView.swift */,
			);
			path = InvoiceDetails;
			sourceTree = "<group>";
		};
		A62DFE4E2EB7CC9D00367F40 /* String */ = {
			isa = PBXGroup;
			children = (
				A6DAE4FF2D240BBD00205A54 /* String+ToPersian.swift */,
			);
			path = String;
			sourceTree = "<group>";
		};
		A6555A922D467033002F6537 /* CNContact */ = {
			isa = PBXGroup;
			children = (
				A684560E2D44501900FBD1E1 /* CNContact+Extension.swift */,
				A684560A2D444F7800FBD1E1 /* ContactStoreManager.swift */,
			);
			path = CNContact;
			sourceTree = "<group>";
		};
		A675DCF12E1208F80040D855 /* TabView */ = {
			isa = PBXGroup;
			children = (
				A675DCED2E1206B70040D855 /* TabViewModel.swift */,
				A675DCF22E1209100040D855 /* TabViewModel+Tabs.swift */,
			);
			path = TabView;
			sourceTree = "<group>";
		};
		A675DD092E19C5D00040D855 /* Observables */ = {
			isa = PBXGroup;
			children = (
				A675DD072E19C5D00040D855 /* InvoiceDetailsV1.swift */,
				A675DD082E19C5D00040D855 /* ItemDetailsV1.swift */,
			);
			path = Observables;
			sourceTree = "<group>";
		};
		A69AC08F2DDFB1BB001FAFD6 /* Shared */ = {
			isa = PBXGroup;
			children = (
				A69AC0902DDFB1C1001FAFD6 /* ButtonWithPopover.swift */,
				A675DCFC2E15D50F0040D855 /* ExpandableSectionView.swift */,
				A60F7C192E5E5E3800649A24 /* Stepper */,
			);
			path = Shared;
			sourceTree = "<group>";
		};
		A6ACF5672B7945B100D4727B = {
			isa = PBXGroup;
			children = (
				A6ACF5722B7945B100D4727B /* Invoice Maker */,
				A6ACF5712B7945B100D4727B /* Products */,
			);
			sourceTree = "<group>";
		};
		A6ACF5712B7945B100D4727B /* Products */ = {
			isa = PBXGroup;
			children = (
				A6ACF5702B7945B100D4727B /* Invoice Maker.app */,
			);
			name = Products;
			sourceTree = "<group>";
		};
		A6ACF5722B7945B100D4727B /* Invoice Maker */ = {
			isa = PBXGroup;
			children = (
				A60F7C1E2E63C24000649A24 /* Invoice Maker.entitlements */,
				A68456092D38622600FBD1E1 /* Invoice-Maker-Info.plist */,
				A6ACF5732B7945B100D4727B /* Invoice_MakerApp.swift */,
				A6ACF5792B7945B200D4727B /* Assets.xcassets */,
				A6ACF5912B798B3B00D4727B /* Model */,
				A6ACF57B2B7945B200D4727B /* Preview Content */,
				A6ACF58E2B79843700D4727B /* Views */,
			);
			path = "Invoice Maker";
			sourceTree = "<group>";
		};
		A6ACF57B2B7945B200D4727B /* Preview Content */ = {
			isa = PBXGroup;
			children = (
				A6ACF5A02B7ACB9000D4727B /* Business+SampleData.swift */,
				A6ACF5CC2B7C1C1700D4727B /* Customer+SampleData.swift */,
				A60F7C122E5E5DFB00649A24 /* Invoice+SampleData.swift */,
				A60F7C132E5E5DFB00649A24 /* PreviewContainer.swift */,
				A6ACF5942B798E1900D4727B /* Product+SampleData.swift */,
				A6ACF57C2B7945B200D4727B /* Preview Assets.xcassets */,
			);
			path = "Preview Content";
			sourceTree = "<group>";
		};
		A6ACF5882B7974EA00D4727B /* Settings */ = {
			isa = PBXGroup;
			children = (
				A6ACF5892B7975AD00D4727B /* SettingsBusinessDetailsView.swift */,
				A6ACF5862B794F4400D4727B /* SettingsView.swift */,
			);
			path = Settings;
			sourceTree = "<group>";
		};
		A6ACF58D2B79842400D4727B /* Products */ = {
			isa = PBXGroup;
			children = (
				A6ACF58B2B79841C00D4727B /* ProductsView.swift */,
				A6E205002DEA57DD009BEF4A /* Product */,
			);
			path = Products;
			sourceTree = "<group>";
		};
		A6ACF58E2B79843700D4727B /* Views */ = {
			isa = PBXGroup;
			children = (
				A6ACF5752B7945B100D4727B /* ContentView.swift */,
				A68456072D31F23900FBD1E1 /* OnboardingSheetView.swift */,
				A6ACF5C02B7C13F300D4727B /* Customers */,
				A6ACF5D02B7D6C0000D4727B /* Invoices */,
				A6ACF58D2B79842400D4727B /* Products */,
				A6ACF5882B7974EA00D4727B /* Settings */,
				A69AC08F2DDFB1BB001FAFD6 /* Shared */,
			);
			path = Views;
			sourceTree = "<group>";
		};
		A6ACF5912B798B3B00D4727B /* Model */ = {
			isa = PBXGroup;
			children = (
				A6208EC32E0B4ECE001B4325 /* Decimal+Rounded.swift */,
				A6E205052DEB9554009BEF4A /* MigrationPlan.swift */,
				A68456052D30577400FBD1E1 /* NullishCoalescingBinding.swift */,
				A60F7C102E5E51A000649A24 /* VATDiscountConverter.swift */,
				A60F7BDC2E492C2100649A24 /* Business */,
				A6208EC02E0B4284001B4325 /* Currency */,
				A60F7BD92E492B4900649A24 /* Customer */,
				A60F7BDD2E492CE200649A24 /* Invoice */,
				A60F7BE22E4FDA8300649A24 /* OldSchema */,
				A6E4DFE62B8BBCF70088BCFC /* PDF */,
				A60F7BDA2E492C0400649A24 /* Product */,
				A60F7BD62E4929F600649A24 /* SchemaV1 */,
				A62DFE4E2EB7CC9D00367F40 /* String */,
				A675DCF12E1208F80040D855 /* TabView */,
			);
			path = Model;
			sourceTree = "<group>";
		};
		A6ACF59C2B7AC77800D4727B /* Product */ = {
			isa = PBXGroup;
			children = (
				A6ACF59A2B7AB4DB00D4727B /* ProductDetailsV1.swift */,
				A6E205032DEB8C84009BEF4A /* SchemaV1+Product.swift */,
			);
			path = Product;
			sourceTree = "<group>";
		};
		A6ACF59F2B7AC79900D4727B /* Business */ = {
			isa = PBXGroup;
			children = (
				A6ACF5BE2B7ADA9600D4727B /* BusinessDetailsV1.swift */,
				A60F7BBB2E3EAC0D00649A24 /* SchemaV1+Business.swift */,
			);
			path = Business;
			sourceTree = "<group>";
		};
		A6ACF5C02B7C13F300D4727B /* Customers */ = {
			isa = PBXGroup;
			children = (
				A6555A902D466936002F6537 /* CustomersContactView.swift */,
				A6555A8E2D4667F7002F6537 /* CustomersListItemView.swift */,
				A6ACF5C32B7C141C00D4727B /* CustomersView.swift */,
				A6F92F932DD12E690029F04D /* Customer */,
			);
			path = Customers;
			sourceTree = "<group>";
		};
		A6ACF5C72B7C156C00D4727B /* Customer */ = {
			isa = PBXGroup;
			children = (
				A6ACF5CA2B7C15DD00D4727B /* CustomerDetailsV1.swift */,
				A60F7BC42E3EB3EB00649A24 /* SchemaV1+Customer.swift */,
			);
			path = Customer;
			sourceTree = "<group>";
		};
		A6ACF5D02B7D6C0000D4727B /* Invoices */ = {
			isa = PBXGroup;
			children = (
				A6ACF5CE2B7D6BF800D4727B /* InvoicesView.swift */,
				A6F92F942DD6A0C70029F04D /* Invoice */,
			);
			path = Invoices;
			sourceTree = "<group>";
		};
		A6ACF5D32B7D6C5700D4727B /* Invoice */ = {
			isa = PBXGroup;
			children = (
				A675DCFE2E19C56A0040D855 /* SchemaV1+Invoice.swift */,
				A60F7BF52E50B33A00649A24 /* SchemaV1+Invoice+Option.swift */,
				A60F7BF72E50B3B400649A24 /* SchemaV1+Invoice+Status.swift */,
				A60F7BF92E50B3D200649A24 /* SchemaV1+Invoice+Type.swift */,
				A675DCFF2E19C56A0040D855 /* SchemaV1+InvoiceBusiness.swift */,
				A675DD002E19C56A0040D855 /* SchemaV1+InvoiceCustomer.swift */,
				A675DD012E19C56A0040D855 /* SchemaV1+InvoiceItem.swift */,
				A675DD092E19C5D00040D855 /* Observables */,
			);
			path = Invoice;
			sourceTree = "<group>";
		};
		A6E205002DEA57DD009BEF4A /* Product */ = {
			isa = PBXGroup;
			children = (
				A6E205012DEA5803009BEF4A /* ProductDetailView.swift */,
				A6ACF5982B799E2500D4727B /* ProductFormView.swift */,
				A6C7721C2DAC394000315110 /* ProductView.swift */,
			);
			path = Product;
			sourceTree = "<group>";
		};
		A6E4DFE62B8BBCF70088BCFC /* PDF */ = {
			isa = PBXGroup;
			children = (
				A6E4DFE42B8BBCEF0088BCFC /* PDF.swift */,
			);
			path = PDF;
			sourceTree = "<group>";
		};
		A6F92F932DD12E690029F04D /* Customer */ = {
			isa = PBXGroup;
			children = (
				A6F92F912DD12E560029F04D /* CustomerDetailView.swift */,
				A6ACF5C52B7C151800D4727B /* CustomerFormView.swift */,
				A6C772202DAF16C000315110 /* CustomerView.swift */,
			);
			path = Customer;
			sourceTree = "<group>";
		};
		A6F92F942DD6A0C70029F04D /* Invoice */ = {
			isa = PBXGroup;
			children = (
				A675DCFA2E15D28D0040D855 /* InvoiceRowView.swift */,
				A6208EC72E11F1D0001B4325 /* InvoiceSummaryView.swift */,
				A6C772222DB07DFC00315110 /* InvoiceView.swift */,
				A6208ECC2E11F4EE001B4325 /* InvoiceDetails */,
				A6208EC92E11F4C3001B4325 /* InvoiceForm */,
			);
			path = Invoice;
			sourceTree = "<group>";
		};
/* End PBXGroup section */

/* Begin PBXNativeTarget section */
		A6ACF56F2B7945B100D4727B /* Invoice Maker */ = {
			isa = PBXNativeTarget;
			buildConfigurationList = A6ACF5802B7945B200D4727B /* Build configuration list for PBXNativeTarget "Invoice Maker" */;
			buildPhases = (
				A6ACF56C2B7945B100D4727B /* Sources */,
				A6ACF56D2B7945B100D4727B /* Frameworks */,
				A6ACF56E2B7945B100D4727B /* Resources */,
			);
			buildRules = (
			);
			dependencies = (
			);
			name = "Invoice Maker";
			packageProductDependencies = (
				A6ACF5842B79486800D4727B /* TPPDF */,
			);
			productName = "Invoice Maker";
			productReference = A6ACF5702B7945B100D4727B /* Invoice Maker.app */;
			productType = "com.apple.product-type.application";
		};
/* End PBXNativeTarget section */

/* Begin PBXProject section */
		A6ACF5682B7945B100D4727B /* Project object */ = {
			isa = PBXProject;
			attributes = {
				BuildIndependentTargetsInParallel = 1;
				LastSwiftUpdateCheck = 1520;
				LastUpgradeCheck = 2600;
				TargetAttributes = {
					A6ACF56F2B7945B100D4727B = {
						CreatedOnToolsVersion = 15.2;
					};
				};
			};
			buildConfigurationList = A6ACF56B2B7945B100D4727B /* Build configuration list for PBXProject "Invoice Maker" */;
			compatibilityVersion = "Xcode 14.0";
			developmentRegion = fa;
			hasScannedForEncodings = 0;
			knownRegions = (
				fa,
				en,
				Base,
			);
			mainGroup = A6ACF5672B7945B100D4727B;
			packageReferences = (
				A6ACF5832B79486800D4727B /* XCRemoteSwiftPackageReference "tppdf" */,
			);
			productRefGroup = A6ACF5712B7945B100D4727B /* Products */;
			projectDirPath = "";
			projectRoot = "";
			targets = (
				A6ACF56F2B7945B100D4727B /* Invoice Maker */,
			);
		};
/* End PBXProject section */

/* Begin PBXResourcesBuildPhase section */
		A6ACF56E2B7945B100D4727B /* Resources */ = {
			isa = PBXResourcesBuildPhase;
			buildActionMask = 2147483647;
			files = (
				A6ACF57D2B7945B200D4727B /* Preview Assets.xcassets in Resources */,
				A6ACF57A2B7945B200D4727B /* Assets.xcassets in Resources */,
			);
			runOnlyForDeploymentPostprocessing = 0;
		};
/* End PBXResourcesBuildPhase section */

/* Begin PBXSourcesBuildPhase section */
		A6ACF56C2B7945B100D4727B /* Sources */ = {
			isa = PBXSourcesBuildPhase;
			buildActionMask = 2147483647;
			files = (
				A69BC4272DA33B2600172FE0 /* InvoiceProductSelection.swift in Sources */,
				A6ACF5A12B7ACB9000D4727B /* Business+SampleData.swift in Sources */,
				A675DD042E19C56A0040D855 /* SchemaV1+InvoiceItem.swift in Sources */,
				A60F7BE42E4FDA8A00649A24 /* Business.swift in Sources */,
				A6E2050C2DF0F064009BEF4A /* CurrentProduct.swift in Sources */,
				A60F7BF62E50B33C00649A24 /* SchemaV1+Invoice+Option.swift in Sources */,
				A6F92F922DD12E560029F04D /* CustomerDetailView.swift in Sources */,
				A60F7C1A2E5E5E3800649A24 /* StepperButtonStyle.swift in Sources */,
				A60F7C1B2E5E5E3800649A24 /* StepperButtonView.swift in Sources */,
				A60F7C1C2E5E5E3800649A24 /* InputStepper.swift in Sources */,
				A6555A912D466936002F6537 /* CustomersContactView.swift in Sources */,
				A6208ECE2E11F725001B4325 /* InvoiceCustomerDetailsView.swift in Sources */,
				A6E4DFE52B8BBCEF0088BCFC /* PDF.swift in Sources */,
				A60F7BF22E4FEFE200649A24 /* DataMigrationManager.swift in Sources */,
				A6555A8F2D4667F7002F6537 /* CustomersListItemView.swift in Sources */,
				A675DD032E19C56A0040D855 /* SchemaV1+InvoiceBusiness.swift in Sources */,
				A6ACF5CB2B7C15DD00D4727B /* CustomerDetailsV1.swift in Sources */,
				A6ACF5872B794F4400D4727B /* SettingsView.swift in Sources */,
				A6ACF5762B7945B100D4727B /* ContentView.swift in Sources */,
				A675DCF32E1209220040D855 /* TabViewModel+Tabs.swift in Sources */,
				A60F7BE62E4FDAA700649A24 /* Customer.swift in Sources */,
				A60F7BF42E5091A600649A24 /* Invoice.swift in Sources */,
				A6F92F962DD6A0DA0029F04D /* InvoiceDetailView.swift in Sources */,
				A675DD0A2E19C5D00040D855 /* InvoiceDetailsV1.swift in Sources */,
				A675DD0B2E19C5D00040D855 /* ItemDetailsV1.swift in Sources */,
				A6C772212DAF16C000315110 /* CustomerView.swift in Sources */,
				A60F7BED2E4FDB4C00649A24 /* InvoiceSchemaV1+Business.swift in Sources */,
				A60F7BEE2E4FDB4C00649A24 /* InvoiceSchemaV1.swift in Sources */,
				A60F7C112E5E51A000649A24 /* VATDiscountConverter.swift in Sources */,
				A60F7BEF2E4FDB4C00649A24 /* InvoiceSchemaV1+Customer.swift in Sources */,
				A60F7BF02E4FDB4C00649A24 /* InvoiceSchemaV1+Item.swift in Sources */,
				A6ACF59B2B7AB4DB00D4727B /* ProductDetailsV1.swift in Sources */,
				A60F7BFA2E50B3D700649A24 /* SchemaV1+Invoice+Type.swift in Sources */,
				A6208ECB2E11F4E1001B4325 /* InvoiceMainDetailsView.swift in Sources */,
				A675DD062E19C56A0040D855 /* SchemaV1+Invoice.swift in Sources */,
				A6208EC42E0B4ED6001B4325 /* Decimal+Rounded.swift in Sources */,
				A6ACF5C62B7C151800D4727B /* CustomerFormView.swift in Sources */,
				A6ACF58A2B7975AD00D4727B /* SettingsBusinessDetailsView.swift in Sources */,
				A6C772232DB07DFC00315110 /* InvoiceView.swift in Sources */,
				A6ACF5CD2B7C1C1700D4727B /* Customer+SampleData.swift in Sources */,
				A684560B2D444F7800FBD1E1 /* ContactStoreManager.swift in Sources */,
				A6E205022DEA5803009BEF4A /* ProductDetailView.swift in Sources */,
				A69AC0912DDFB1C1001FAFD6 /* ButtonWithPopover.swift in Sources */,
				A675DD052E19C56A0040D855 /* SchemaV1+InvoiceCustomer.swift in Sources */,
				A6E205062DEB9561009BEF4A /* MigrationPlan.swift in Sources */,
				A60F7BBE2E3EB33300649A24 /* CurrentBusiness.swift in Sources */,
				A68456062D30577400FBD1E1 /* NullishCoalescingBinding.swift in Sources */,
				A675DCF02E1208D00040D855 /* InvoiceViewModel.swift in Sources */,
				A6208EC22E0B4299001B4325 /* CurrencyFormatter.swift in Sources */,
				A6ACF5952B798E1900D4727B /* Product+SampleData.swift in Sources */,
				A69BC4252DA3306200172FE0 /* InvoiceFormView.swift in Sources */,
				A6ACF5742B7945B100D4727B /* Invoice_MakerApp.swift in Sources */,
				A60F7BF82E50B3BB00649A24 /* SchemaV1+Invoice+Status.swift in Sources */,
				A60F7BDF2E49474800649A24 /* InvoiceOptionSelectionView.swift in Sources */,
				A60F7BE82E4FDB1700649A24 /* ProductSchemaV1.swift in Sources */,
				A6ACF58C2B79841C00D4727B /* ProductsView.swift in Sources */,
				A60F7BC52E3EB3EB00649A24 /* SchemaV1+Customer.swift in Sources */,
				A675DCFB2E15D28D0040D855 /* InvoiceRowView.swift in Sources */,
				A61469D22E08B33300713056 /* Currency.swift in Sources */,
				A6208ED02E11F739001B4325 /* InvoiceProductDetailsView.swift in Sources */,
				A675DCFD2E15D50F0040D855 /* ExpandableSectionView.swift in Sources */,
				A6E205042DEB8C84009BEF4A /* SchemaV1+Product.swift in Sources */,
				A675DCEE2E1206C00040D855 /* TabViewModel.swift in Sources */,
				A6ACF5BF2B7ADA9600D4727B /* BusinessDetailsV1.swift in Sources */,
				A6ACF5CF2B7D6BF800D4727B /* InvoicesView.swift in Sources */,
				A60F7BC32E3EB3C200649A24 /* CurrentCustomer.swift in Sources */,
				A6E205102DFA1D55009BEF4A /* CurrentInvoice.swift in Sources */,
				A68456082D31F23900FBD1E1 /* OnboardingSheetView.swift in Sources */,
				A6208EC82E11F1D0001B4325 /* InvoiceSummaryView.swift in Sources */,
				A6DAE5002D240BBD00205A54 /* String+ToPersian.swift in Sources */,
				A6C7721D2DAC394000315110 /* ProductView.swift in Sources */,
				A684560F2D44501900FBD1E1 /* CNContact+Extension.swift in Sources */,
				A60F7BBC2E3EAC0D00649A24 /* SchemaV1+Business.swift in Sources */,
				A60F7BD82E492A0800649A24 /* SchemaV1.swift in Sources */,
				A60F7C142E5E5DFB00649A24 /* PreviewContainer.swift in Sources */,
				A60F7C152E5E5DFB00649A24 /* Invoice+SampleData.swift in Sources */,
				A6ACF5C42B7C141C00D4727B /* CustomersView.swift in Sources */,
				A6ACF5992B799E2500D4727B /* ProductFormView.swift in Sources */,
			);
			runOnlyForDeploymentPostprocessing = 0;
		};
/* End PBXSourcesBuildPhase section */

/* Begin XCBuildConfiguration section */
		A6ACF57E2B7945B200D4727B /* Debug */ = {
			isa = XCBuildConfiguration;
			buildSettings = {
				ALWAYS_SEARCH_USER_PATHS = NO;
				ASSETCATALOG_COMPILER_GENERATE_SWIFT_ASSET_SYMBOL_EXTENSIONS = YES;
				CLANG_ANALYZER_LOCALIZABILITY_NONLOCALIZED = YES;
				CLANG_ANALYZER_NONNULL = YES;
				CLANG_ANALYZER_NUMBER_OBJECT_CONVERSION = YES_AGGRESSIVE;
				CLANG_CXX_LANGUAGE_STANDARD = "gnu++20";
				CLANG_ENABLE_MODULES = YES;
				CLANG_ENABLE_OBJC_ARC = YES;
				CLANG_ENABLE_OBJC_WEAK = YES;
				CLANG_WARN_BLOCK_CAPTURE_AUTORELEASING = YES;
				CLANG_WARN_BOOL_CONVERSION = YES;
				CLANG_WARN_COMMA = YES;
				CLANG_WARN_CONSTANT_CONVERSION = YES;
				CLANG_WARN_DEPRECATED_OBJC_IMPLEMENTATIONS = YES;
				CLANG_WARN_DIRECT_OBJC_ISA_USAGE = YES_ERROR;
				CLANG_WARN_DOCUMENTATION_COMMENTS = YES;
				CLANG_WARN_EMPTY_BODY = YES;
				CLANG_WARN_ENUM_CONVERSION = YES;
				CLANG_WARN_INFINITE_RECURSION = YES;
				CLANG_WARN_INT_CONVERSION = YES;
				CLANG_WARN_NON_LITERAL_NULL_CONVERSION = YES;
				CLANG_WARN_OBJC_IMPLICIT_RETAIN_SELF = YES;
				CLANG_WARN_OBJC_LITERAL_CONVERSION = YES;
				CLANG_WARN_OBJC_ROOT_CLASS = YES_ERROR;
				CLANG_WARN_QUOTED_INCLUDE_IN_FRAMEWORK_HEADER = YES;
				CLANG_WARN_RANGE_LOOP_ANALYSIS = YES;
				CLANG_WARN_STRICT_PROTOTYPES = YES;
				CLANG_WARN_SUSPICIOUS_MOVE = YES;
				CLANG_WARN_UNGUARDED_AVAILABILITY = YES_AGGRESSIVE;
				CLANG_WARN_UNREACHABLE_CODE = YES;
				CLANG_WARN__DUPLICATE_METHOD_MATCH = YES;
				COPY_PHASE_STRIP = NO;
				DEBUG_INFORMATION_FORMAT = dwarf;
				DEVELOPMENT_TEAM = LB6Z49AQCL;
				ENABLE_STRICT_OBJC_MSGSEND = YES;
				ENABLE_TESTABILITY = YES;
				ENABLE_USER_SCRIPT_SANDBOXING = YES;
				GCC_C_LANGUAGE_STANDARD = gnu17;
				GCC_DYNAMIC_NO_PIC = NO;
				GCC_NO_COMMON_BLOCKS = YES;
				GCC_OPTIMIZATION_LEVEL = 0;
				GCC_PREPROCESSOR_DEFINITIONS = (
					"DEBUG=1",
					"$(inherited)",
				);
				GCC_WARN_64_TO_32_BIT_CONVERSION = YES;
				GCC_WARN_ABOUT_RETURN_TYPE = YES_ERROR;
				GCC_WARN_UNDECLARED_SELECTOR = YES;
				GCC_WARN_UNINITIALIZED_AUTOS = YES_AGGRESSIVE;
				GCC_WARN_UNUSED_FUNCTION = YES;
				GCC_WARN_UNUSED_VARIABLE = YES;
				IPHONEOS_DEPLOYMENT_TARGET = 17.2;
				LOCALIZATION_PREFERS_STRING_CATALOGS = YES;
				MTL_ENABLE_DEBUG_INFO = INCLUDE_SOURCE;
				MTL_FAST_MATH = YES;
				ONLY_ACTIVE_ARCH = YES;
				SDKROOT = iphoneos;
				STRING_CATALOG_GENERATE_SYMBOLS = YES;
				SWIFT_ACTIVE_COMPILATION_CONDITIONS = "DEBUG $(inherited)";
				SWIFT_OPTIMIZATION_LEVEL = "-Onone";
			};
			name = Debug;
		};
		A6ACF57F2B7945B200D4727B /* Release */ = {
			isa = XCBuildConfiguration;
			buildSettings = {
				ALWAYS_SEARCH_USER_PATHS = NO;
				ASSETCATALOG_COMPILER_GENERATE_SWIFT_ASSET_SYMBOL_EXTENSIONS = YES;
				CLANG_ANALYZER_LOCALIZABILITY_NONLOCALIZED = YES;
				CLANG_ANALYZER_NONNULL = YES;
				CLANG_ANALYZER_NUMBER_OBJECT_CONVERSION = YES_AGGRESSIVE;
				CLANG_CXX_LANGUAGE_STANDARD = "gnu++20";
				CLANG_ENABLE_MODULES = YES;
				CLANG_ENABLE_OBJC_ARC = YES;
				CLANG_ENABLE_OBJC_WEAK = YES;
				CLANG_WARN_BLOCK_CAPTURE_AUTORELEASING = YES;
				CLANG_WARN_BOOL_CONVERSION = YES;
				CLANG_WARN_COMMA = YES;
				CLANG_WARN_CONSTANT_CONVERSION = YES;
				CLANG_WARN_DEPRECATED_OBJC_IMPLEMENTATIONS = YES;
				CLANG_WARN_DIRECT_OBJC_ISA_USAGE = YES_ERROR;
				CLANG_WARN_DOCUMENTATION_COMMENTS = YES;
				CLANG_WARN_EMPTY_BODY = YES;
				CLANG_WARN_ENUM_CONVERSION = YES;
				CLANG_WARN_INFINITE_RECURSION = YES;
				CLANG_WARN_INT_CONVERSION = YES;
				CLANG_WARN_NON_LITERAL_NULL_CONVERSION = YES;
				CLANG_WARN_OBJC_IMPLICIT_RETAIN_SELF = YES;
				CLANG_WARN_OBJC_LITERAL_CONVERSION = YES;
				CLANG_WARN_OBJC_ROOT_CLASS = YES_ERROR;
				CLANG_WARN_QUOTED_INCLUDE_IN_FRAMEWORK_HEADER = YES;
				CLANG_WARN_RANGE_LOOP_ANALYSIS = YES;
				CLANG_WARN_STRICT_PROTOTYPES = YES;
				CLANG_WARN_SUSPICIOUS_MOVE = YES;
				CLANG_WARN_UNGUARDED_AVAILABILITY = YES_AGGRESSIVE;
				CLANG_WARN_UNREACHABLE_CODE = YES;
				CLANG_WARN__DUPLICATE_METHOD_MATCH = YES;
				COPY_PHASE_STRIP = NO;
				DEBUG_INFORMATION_FORMAT = "dwarf-with-dsym";
				DEVELOPMENT_TEAM = LB6Z49AQCL;
				ENABLE_NS_ASSERTIONS = NO;
				ENABLE_STRICT_OBJC_MSGSEND = YES;
				ENABLE_USER_SCRIPT_SANDBOXING = YES;
				GCC_C_LANGUAGE_STANDARD = gnu17;
				GCC_NO_COMMON_BLOCKS = YES;
				GCC_WARN_64_TO_32_BIT_CONVERSION = YES;
				GCC_WARN_ABOUT_RETURN_TYPE = YES_ERROR;
				GCC_WARN_UNDECLARED_SELECTOR = YES;
				GCC_WARN_UNINITIALIZED_AUTOS = YES_AGGRESSIVE;
				GCC_WARN_UNUSED_FUNCTION = YES;
				GCC_WARN_UNUSED_VARIABLE = YES;
				IPHONEOS_DEPLOYMENT_TARGET = 17.2;
				LOCALIZATION_PREFERS_STRING_CATALOGS = YES;
				MTL_ENABLE_DEBUG_INFO = NO;
				MTL_FAST_MATH = YES;
				SDKROOT = iphoneos;
				STRING_CATALOG_GENERATE_SYMBOLS = YES;
				SWIFT_COMPILATION_MODE = wholemodule;
				VALIDATE_PRODUCT = YES;
			};
			name = Release;
		};
		A6ACF5812B7945B200D4727B /* Debug */ = {
			isa = XCBuildConfiguration;
			buildSettings = {
				ASSETCATALOG_COMPILER_APPICON_NAME = AppIcon;
				ASSETCATALOG_COMPILER_GLOBAL_ACCENT_COLOR_NAME = AccentColor;
				CODE_SIGN_ENTITLEMENTS = "Invoice Maker/Invoice Maker.entitlements";
				CODE_SIGN_STYLE = Automatic;
				CURRENT_PROJECT_VERSION = 1;
				DEVELOPMENT_ASSET_PATHS = "\"Invoice Maker/Preview Content\"";
				ENABLE_PREVIEWS = YES;
				GENERATE_INFOPLIST_FILE = YES;
				INFOPLIST_FILE = "Invoice-Maker-Info.plist";
				INFOPLIST_KEY_CFBundleDisplayName = "Invoice Maker | فاکتور ساز";
				INFOPLIST_KEY_ITSAppUsesNonExemptEncryption = NO;
				INFOPLIST_KEY_LSApplicationCategoryType = "public.app-category.business";
				INFOPLIST_KEY_NSContactsUsageDescription = "فاکتورساز برای افزودن مشتریان از لیست مخاطبین شما، نیاز به دسترسی دارد.";
				INFOPLIST_KEY_UIApplicationSceneManifest_Generation = YES;
				INFOPLIST_KEY_UIApplicationSupportsIndirectInputEvents = YES;
				INFOPLIST_KEY_UILaunchScreen_Generation = YES;
				INFOPLIST_KEY_UISupportedInterfaceOrientations = UIInterfaceOrientationPortrait;
				INFOPLIST_KEY_UISupportedInterfaceOrientations_iPad = "UIInterfaceOrientationLandscapeLeft UIInterfaceOrientationLandscapeRight UIInterfaceOrientationPortrait UIInterfaceOrientationPortraitUpsideDown";
				IPHONEOS_DEPLOYMENT_TARGET = 18.2;
				LD_RUNPATH_SEARCH_PATHS = (
					"$(inherited)",
					"@executable_path/Frameworks",
				);
				MARKETING_VERSION = 1.41.1;
				PRODUCT_BUNDLE_IDENTIFIER = "MN.Invoice-Maker";
				PRODUCT_NAME = "$(TARGET_NAME)";
				SUPPORTED_PLATFORMS = "iphoneos iphonesimulator";
				SUPPORTS_MACCATALYST = NO;
				SUPPORTS_MAC_DESIGNED_FOR_IPHONE_IPAD = NO;
				SUPPORTS_XR_DESIGNED_FOR_IPHONE_IPAD = NO;
				SWIFT_EMIT_LOC_STRINGS = YES;
				SWIFT_VERSION = 6.0;
				TARGETED_DEVICE_FAMILY = "1,2";
			};
			name = Debug;
		};
		A6ACF5822B7945B200D4727B /* Release */ = {
			isa = XCBuildConfiguration;
			buildSettings = {
				ASSETCATALOG_COMPILER_APPICON_NAME = AppIcon;
				ASSETCATALOG_COMPILER_GLOBAL_ACCENT_COLOR_NAME = AccentColor;
				CODE_SIGN_ENTITLEMENTS = "Invoice Maker/Invoice Maker.entitlements";
				CODE_SIGN_STYLE = Automatic;
				CURRENT_PROJECT_VERSION = 1;
				DEVELOPMENT_ASSET_PATHS = "\"Invoice Maker/Preview Content\"";
				ENABLE_PREVIEWS = YES;
				GENERATE_INFOPLIST_FILE = YES;
				INFOPLIST_FILE = "Invoice-Maker-Info.plist";
				INFOPLIST_KEY_CFBundleDisplayName = "Invoice Maker | فاکتور ساز";
				INFOPLIST_KEY_ITSAppUsesNonExemptEncryption = NO;
				INFOPLIST_KEY_LSApplicationCategoryType = "public.app-category.business";
				INFOPLIST_KEY_NSContactsUsageDescription = "فاکتورساز برای افزودن مشتریان از لیست مخاطبین شما، نیاز به دسترسی دارد.";
				INFOPLIST_KEY_UIApplicationSceneManifest_Generation = YES;
				INFOPLIST_KEY_UIApplicationSupportsIndirectInputEvents = YES;
				INFOPLIST_KEY_UILaunchScreen_Generation = YES;
				INFOPLIST_KEY_UISupportedInterfaceOrientations = UIInterfaceOrientationPortrait;
				INFOPLIST_KEY_UISupportedInterfaceOrientations_iPad = "UIInterfaceOrientationLandscapeLeft UIInterfaceOrientationLandscapeRight UIInterfaceOrientationPortrait UIInterfaceOrientationPortraitUpsideDown";
				IPHONEOS_DEPLOYMENT_TARGET = 18.2;
				LD_RUNPATH_SEARCH_PATHS = (
					"$(inherited)",
					"@executable_path/Frameworks",
				);
				MARKETING_VERSION = 1.41.1;
				PRODUCT_BUNDLE_IDENTIFIER = "MN.Invoice-Maker";
				PRODUCT_NAME = "$(TARGET_NAME)";
				SUPPORTED_PLATFORMS = "iphoneos iphonesimulator";
				SUPPORTS_MACCATALYST = NO;
				SUPPORTS_MAC_DESIGNED_FOR_IPHONE_IPAD = NO;
				SUPPORTS_XR_DESIGNED_FOR_IPHONE_IPAD = NO;
				SWIFT_EMIT_LOC_STRINGS = YES;
				SWIFT_VERSION = 6.0;
				TARGETED_DEVICE_FAMILY = "1,2";
			};
			name = Release;
		};
/* End XCBuildConfiguration section */

/* Begin XCConfigurationList section */
		A6ACF56B2B7945B100D4727B /* Build configuration list for PBXProject "Invoice Maker" */ = {
			isa = XCConfigurationList;
			buildConfigurations = (
				A6ACF57E2B7945B200D4727B /* Debug */,
				A6ACF57F2B7945B200D4727B /* Release */,
			);
			defaultConfigurationIsVisible = 0;
			defaultConfigurationName = Release;
		};
		A6ACF5802B7945B200D4727B /* Build configuration list for PBXNativeTarget "Invoice Maker" */ = {
			isa = XCConfigurationList;
			buildConfigurations = (
				A6ACF5812B7945B200D4727B /* Debug */,
				A6ACF5822B7945B200D4727B /* Release */,
			);
			defaultConfigurationIsVisible = 0;
			defaultConfigurationName = Release;
		};
/* End XCConfigurationList section */

/* Begin XCRemoteSwiftPackageReference section */
		A6ACF5832B79486800D4727B /* XCRemoteSwiftPackageReference "tppdf" */ = {
			isa = XCRemoteSwiftPackageReference;
			repositoryURL = "https://github.com/techprimate/tppdf.git";
			requirement = {
				kind = upToNextMajorVersion;
				minimumVersion = 2.4.1;
			};
		};
/* End XCRemoteSwiftPackageReference section */

/* Begin XCSwiftPackageProductDependency section */
		A6ACF5842B79486800D4727B /* TPPDF */ = {
			isa = XCSwiftPackageProductDependency;
			package = A6ACF5832B79486800D4727B /* XCRemoteSwiftPackageReference "tppdf" */;
			productName = TPPDF;
		};
/* End XCSwiftPackageProductDependency section */
	};
	rootObject = A6ACF5682B7945B100D4727B /* Project object */;
}
